{
  "requires": true,
  "lockfileVersion": 1,
  "dependencies": {
    "@mediapipe/holistic": {
      "version": "0.3.1620694839",
      "resolved": "https://registry.npmjs.org/@mediapipe/holistic/-/holistic-0.3.1620694839.tgz",
      "integrity": "sha512-pOtKu0tvCOlNbedq7zlE9xbu8A395rhH7ryM9ifkQiAY0oLxlKFTekaJx0IfK5uy+Khe/kLMkigehGJY5wrznw=="
    },
    "@mediapipe/pose": {
      "version": "0.3.1621277220",
      "resolved": "https://registry.npmjs.org/@mediapipe/pose/-/pose-0.3.1621277220.tgz",
      "integrity": "sha512-YNM0PhcFXbtnKHl1juH4YVd0HpQaylu3HvdPgg42Mq5P6uAQ05KjL79BGcZGKtE+Fn8pYnMYVH1DG6N2beKsrQ=="
    }
  }
}
